<?xml version="1.0" encoding="utf-8"?>
<Project ToolsVersion="4.0" xmlns="http://schemas.microsoft.com/developer/msbuild/2003">
  <ItemGroup>
    <ClCompile Include="ph_fft.c">
      <Filter>Source Files</Filter>
    </ClCompile>
    <ClCompile Include="pHash.cpp">
      <Filter>Source Files</Filter>
    </ClCompile>
    <ClCompile Include="phcomplex.c">
      <Filter>Source Files</Filter>
    </ClCompile>
  </ItemGroup>
  <ItemGroup>
    <ClInclude Include="ph_fft.h">
      <Filter>Header Files</Filter>
    </ClInclude>
    <ClInclude Include="pHash-config.h">
      <Filter>Header Files</Filter>
    </ClInclude>
    <ClInclude Include="pHash.h">
      <Filter>Header Files</Filter>
    </ClInclude>
    <ClInclude Include="phcomplex.h">
      <Filter>Header Files</Filter>
    </ClInclude>
  </ItemGroup>
  <ItemGroup>
    <Filter Include="Source Files">
      <UniqueIdentifier>{94c546c0-9fdc-4d4e-b434-9a0502619228}</UniqueIdentifier>
    </Filter>
    <Filter Include="Header Files">
      <UniqueIdentifier>{3b7035eb-2a4e-445d-b2e7-7de4c4a1601c}</UniqueIdentifier>
    </Filter>
  </ItemGroup>
</Project>